// !$*UTF8*$!
{
	archiveVersion = 1;
	classes = {
	};
	objectVersion = 56;
	objects = {

/* Begin PBXBuildFile section */
		73432F9A2AFFDAB6000FF355 /* FriendsView.swift in Sources */ = {isa = PBXBuildFile; fileRef = 73432F992AFFDAB6000FF355 /* FriendsView.swift */; };
		73432F9C2AFFDAE9000FF355 /* FriendSearchView.swift in Sources */ = {isa = PBXBuildFile; fileRef = 73432F9B2AFFDAE9000FF355 /* FriendSearchView.swift */; };
		751F04D32AFC0E2900382FD3 /* Enums.swift in Sources */ = {isa = PBXBuildFile; fileRef = 751F04D22AFC0E2900382FD3 /* Enums.swift */; };
		751F04D82AFC8E5E00382FD3 /* Buttons.swift in Sources */ = {isa = PBXBuildFile; fileRef = 751F04D72AFC8E5E00382FD3 /* Buttons.swift */; };
		751F04DA2AFC9E7700382FD3 /* BaseView.swift in Sources */ = {isa = PBXBuildFile; fileRef = 751F04D92AFC9E7700382FD3 /* BaseView.swift */; };
		7542556D2AF5CC9600E9DB17 /* HealthCompApp.swift in Sources */ = {isa = PBXBuildFile; fileRef = 7542556C2AF5CC9600E9DB17 /* HealthCompApp.swift */; };
		7542556F2AF5CC9600E9DB17 /* ContentView.swift in Sources */ = {isa = PBXBuildFile; fileRef = 7542556E2AF5CC9600E9DB17 /* ContentView.swift */; };
		754255712AF5CC9700E9DB17 /* Assets.xcassets in Resources */ = {isa = PBXBuildFile; fileRef = 754255702AF5CC9700E9DB17 /* Assets.xcassets */; };
		754255742AF5CC9700E9DB17 /* Preview Assets.xcassets in Resources */ = {isa = PBXBuildFile; fileRef = 754255732AF5CC9700E9DB17 /* Preview Assets.xcassets */; };
		7542557B2AF5CCA800E9DB17 /* RegistrationView.swift in Sources */ = {isa = PBXBuildFile; fileRef = 7542557A2AF5CCA800E9DB17 /* RegistrationView.swift */; };
		7542557D2AF5CCB000E9DB17 /* LoginView.swift in Sources */ = {isa = PBXBuildFile; fileRef = 7542557C2AF5CCB000E9DB17 /* LoginView.swift */; };
		7542557F2AF5CCB900E9DB17 /* StartupView.swift in Sources */ = {isa = PBXBuildFile; fileRef = 7542557E2AF5CCB900E9DB17 /* StartupView.swift */; };
		754255812AF5CCC700E9DB17 /* HomeView.swift in Sources */ = {isa = PBXBuildFile; fileRef = 754255802AF5CCC700E9DB17 /* HomeView.swift */; };
		754255842AF5CCF900E9DB17 /* UserVM.swift in Sources */ = {isa = PBXBuildFile; fileRef = 754255832AF5CCF900E9DB17 /* UserVM.swift */; };
		754436852AFFD71600880413 /* SampleData.swift in Sources */ = {isa = PBXBuildFile; fileRef = 754436842AFFD71600880413 /* SampleData.swift */; };
		757CCFCF2AFAE32F00CBE7E5 /* Logo.swift in Sources */ = {isa = PBXBuildFile; fileRef = 757CCFCE2AFAE32F00CBE7E5 /* Logo.swift */; };
		75A8B70D2AFAA33B001D6E74 /* CompDetailView.swift in Sources */ = {isa = PBXBuildFile; fileRef = 75A8B70C2AFAA33B001D6E74 /* CompDetailView.swift */; };
		75A8B70F2AFAA342001D6E74 /* CompView.swift in Sources */ = {isa = PBXBuildFile; fileRef = 75A8B70E2AFAA342001D6E74 /* CompView.swift */; };
		75A8B7112AFAA34A001D6E74 /* FeedView.swift in Sources */ = {isa = PBXBuildFile; fileRef = 75A8B7102AFAA34A001D6E74 /* FeedView.swift */; };
		75A8B7132AFAA352001D6E74 /* LeaderboardView.swift in Sources */ = {isa = PBXBuildFile; fileRef = 75A8B7122AFAA352001D6E74 /* LeaderboardView.swift */; };
		75AD00972AFAE747004F28D2 /* Feed.swift in Sources */ = {isa = PBXBuildFile; fileRef = 75AD00962AFAE747004F28D2 /* Feed.swift */; };
		75AD00992AFB0551004F28D2 /* PostView.swift in Sources */ = {isa = PBXBuildFile; fileRef = 75AD00982AFB0551004F28D2 /* PostView.swift */; };
		75AD009D2AFBE93E004F28D2 /* LeaderboardVM.swift in Sources */ = {isa = PBXBuildFile; fileRef = 75AD009C2AFBE93E004F28D2 /* LeaderboardVM.swift */; };
		75AD009F2AFC0557004F28D2 /* GroupVM.swift in Sources */ = {isa = PBXBuildFile; fileRef = 75AD009E2AFC0557004F28D2 /* GroupVM.swift */; };
		75AD00A12AFC0571004F28D2 /* NotificationVM.swift in Sources */ = {isa = PBXBuildFile; fileRef = 75AD00A02AFC0571004F28D2 /* NotificationVM.swift */; };
		75AD00A32AFC0582004F28D2 /* FriendVM.swift in Sources */ = {isa = PBXBuildFile; fileRef = 75AD00A22AFC0582004F28D2 /* FriendVM.swift */; };
		75AD00A62AFC0746004F28D2 /* User.swift in Sources */ = {isa = PBXBuildFile; fileRef = 75AD00A52AFC0746004F28D2 /* User.swift */; };
		75AD00A82AFC0CE1004F28D2 /* Group.swift in Sources */ = {isa = PBXBuildFile; fileRef = 75AD00A72AFC0CE1004F28D2 /* Group.swift */; };
		7FD51DEB2AFC436B006F1BA3 /* ProfileView.swift in Sources */ = {isa = PBXBuildFile; fileRef = 7FD51DEA2AFC436B006F1BA3 /* ProfileView.swift */; };
/* End PBXBuildFile section */

/* Begin PBXFileReference section */
		73432F992AFFDAB6000FF355 /* FriendsView.swift */ = {isa = PBXFileReference; lastKnownFileType = sourcecode.swift; path = FriendsView.swift; sourceTree = "<group>"; };
		73432F9B2AFFDAE9000FF355 /* FriendSearchView.swift */ = {isa = PBXFileReference; lastKnownFileType = sourcecode.swift; path = FriendSearchView.swift; sourceTree = "<group>"; };
		751F04D22AFC0E2900382FD3 /* Enums.swift */ = {isa = PBXFileReference; lastKnownFileType = sourcecode.swift; path = Enums.swift; sourceTree = "<group>"; };
		751F04D72AFC8E5E00382FD3 /* Buttons.swift */ = {isa = PBXFileReference; lastKnownFileType = sourcecode.swift; path = Buttons.swift; sourceTree = "<group>"; };
		751F04D92AFC9E7700382FD3 /* BaseView.swift */ = {isa = PBXFileReference; lastKnownFileType = sourcecode.swift; path = BaseView.swift; sourceTree = "<group>"; };
		754255692AF5CC9600E9DB17 /* HealthComp.app */ = {isa = PBXFileReference; explicitFileType = wrapper.application; includeInIndex = 0; path = HealthComp.app; sourceTree = BUILT_PRODUCTS_DIR; };
		7542556C2AF5CC9600E9DB17 /* HealthCompApp.swift */ = {isa = PBXFileReference; lastKnownFileType = sourcecode.swift; path = HealthCompApp.swift; sourceTree = "<group>"; };
		7542556E2AF5CC9600E9DB17 /* ContentView.swift */ = {isa = PBXFileReference; lastKnownFileType = sourcecode.swift; path = ContentView.swift; sourceTree = "<group>"; };
		754255702AF5CC9700E9DB17 /* Assets.xcassets */ = {isa = PBXFileReference; lastKnownFileType = folder.assetcatalog; path = Assets.xcassets; sourceTree = "<group>"; };
		754255732AF5CC9700E9DB17 /* Preview Assets.xcassets */ = {isa = PBXFileReference; lastKnownFileType = folder.assetcatalog; path = "Preview Assets.xcassets"; sourceTree = "<group>"; };
		7542557A2AF5CCA800E9DB17 /* RegistrationView.swift */ = {isa = PBXFileReference; lastKnownFileType = sourcecode.swift; path = RegistrationView.swift; sourceTree = "<group>"; };
		7542557C2AF5CCB000E9DB17 /* LoginView.swift */ = {isa = PBXFileReference; lastKnownFileType = sourcecode.swift; path = LoginView.swift; sourceTree = "<group>"; };
		7542557E2AF5CCB900E9DB17 /* StartupView.swift */ = {isa = PBXFileReference; lastKnownFileType = sourcecode.swift; path = StartupView.swift; sourceTree = "<group>"; };
		754255802AF5CCC700E9DB17 /* HomeView.swift */ = {isa = PBXFileReference; lastKnownFileType = sourcecode.swift; path = HomeView.swift; sourceTree = "<group>"; };
		754255832AF5CCF900E9DB17 /* UserVM.swift */ = {isa = PBXFileReference; lastKnownFileType = sourcecode.swift; path = UserVM.swift; sourceTree = "<group>"; };
		754436842AFFD71600880413 /* SampleData.swift */ = {isa = PBXFileReference; lastKnownFileType = sourcecode.swift; path = SampleData.swift; sourceTree = "<group>"; };
		757CCFCE2AFAE32F00CBE7E5 /* Logo.swift */ = {isa = PBXFileReference; lastKnownFileType = sourcecode.swift; path = Logo.swift; sourceTree = "<group>"; };
		75A8B70C2AFAA33B001D6E74 /* CompDetailView.swift */ = {isa = PBXFileReference; lastKnownFileType = sourcecode.swift; path = CompDetailView.swift; sourceTree = "<group>"; };
		75A8B70E2AFAA342001D6E74 /* CompView.swift */ = {isa = PBXFileReference; lastKnownFileType = sourcecode.swift; path = CompView.swift; sourceTree = "<group>"; };
		75A8B7102AFAA34A001D6E74 /* FeedView.swift */ = {isa = PBXFileReference; lastKnownFileType = sourcecode.swift; path = FeedView.swift; sourceTree = "<group>"; };
		75A8B7122AFAA352001D6E74 /* LeaderboardView.swift */ = {isa = PBXFileReference; lastKnownFileType = sourcecode.swift; path = LeaderboardView.swift; sourceTree = "<group>"; };
		75AD00962AFAE747004F28D2 /* Feed.swift */ = {isa = PBXFileReference; lastKnownFileType = sourcecode.swift; path = Feed.swift; sourceTree = "<group>"; };
		75AD00982AFB0551004F28D2 /* PostView.swift */ = {isa = PBXFileReference; lastKnownFileType = sourcecode.swift; path = PostView.swift; sourceTree = "<group>"; };
		75AD009C2AFBE93E004F28D2 /* LeaderboardVM.swift */ = {isa = PBXFileReference; lastKnownFileType = sourcecode.swift; path = LeaderboardVM.swift; sourceTree = "<group>"; };
		75AD009E2AFC0557004F28D2 /* GroupVM.swift */ = {isa = PBXFileReference; lastKnownFileType = sourcecode.swift; path = GroupVM.swift; sourceTree = "<group>"; };
		75AD00A02AFC0571004F28D2 /* NotificationVM.swift */ = {isa = PBXFileReference; lastKnownFileType = sourcecode.swift; path = NotificationVM.swift; sourceTree = "<group>"; };
		75AD00A22AFC0582004F28D2 /* FriendVM.swift */ = {isa = PBXFileReference; lastKnownFileType = sourcecode.swift; path = FriendVM.swift; sourceTree = "<group>"; };
		75AD00A52AFC0746004F28D2 /* User.swift */ = {isa = PBXFileReference; lastKnownFileType = sourcecode.swift; path = User.swift; sourceTree = "<group>"; };
		75AD00A72AFC0CE1004F28D2 /* Group.swift */ = {isa = PBXFileReference; lastKnownFileType = sourcecode.swift; path = Group.swift; sourceTree = "<group>"; };
		7FD51DEA2AFC436B006F1BA3 /* ProfileView.swift */ = {isa = PBXFileReference; lastKnownFileType = sourcecode.swift; path = ProfileView.swift; sourceTree = "<group>"; };
/* End PBXFileReference section */

/* Begin PBXFrameworksBuildPhase section */
		754255662AF5CC9600E9DB17 /* Frameworks */ = {
			isa = PBXFrameworksBuildPhase;
			buildActionMask = 2147483647;
			files = (
			);
			runOnlyForDeploymentPostprocessing = 0;
		};
/* End PBXFrameworksBuildPhase section */

/* Begin PBXGroup section */
		751F04D52AFC8E3F00382FD3 /* Struct Defs */ = {
			isa = PBXGroup;
			children = (
				75AD00962AFAE747004F28D2 /* Feed.swift */,
				75AD00A52AFC0746004F28D2 /* User.swift */,
				75AD00A72AFC0CE1004F28D2 /* Group.swift */,
				751F04D22AFC0E2900382FD3 /* Enums.swift */,
			);
			path = "Struct Defs";
			sourceTree = "<group>";
		};
		751F04D62AFC8E4F00382FD3 /* Reusable Views */ = {
			isa = PBXGroup;
			children = (
				757CCFCE2AFAE32F00CBE7E5 /* Logo.swift */,
				751F04D72AFC8E5E00382FD3 /* Buttons.swift */,
			);
			path = "Reusable Views";
			sourceTree = "<group>";
		};
		754255602AF5CC9600E9DB17 = {
			isa = PBXGroup;
			children = (
				7542556B2AF5CC9600E9DB17 /* HealthComp */,
				7542556A2AF5CC9600E9DB17 /* Products */,
			);
			sourceTree = "<group>";
		};
		7542556A2AF5CC9600E9DB17 /* Products */ = {
			isa = PBXGroup;
			children = (
				754255692AF5CC9600E9DB17 /* HealthComp.app */,
			);
			name = Products;
			sourceTree = "<group>";
		};
		7542556B2AF5CC9600E9DB17 /* HealthComp */ = {
			isa = PBXGroup;
			children = (
				7542556C2AF5CC9600E9DB17 /* HealthCompApp.swift */,
				754436842AFFD71600880413 /* SampleData.swift */,
				75AD00A42AFC05C5004F28D2 /* View Models */,
				751F04D52AFC8E3F00382FD3 /* Struct Defs */,
				754255822AF5CCCF00E9DB17 /* Views */,
				754255702AF5CC9700E9DB17 /* Assets.xcassets */,
				754255722AF5CC9700E9DB17 /* Preview Content */,
			);
			path = HealthComp;
			sourceTree = "<group>";
		};
		754255722AF5CC9700E9DB17 /* Preview Content */ = {
			isa = PBXGroup;
			children = (
				754255732AF5CC9700E9DB17 /* Preview Assets.xcassets */,
			);
			path = "Preview Content";
			sourceTree = "<group>";
		};
		754255822AF5CCCF00E9DB17 /* Views */ = {
			isa = PBXGroup;
			children = (
				7542556E2AF5CC9600E9DB17 /* ContentView.swift */,
				751F04D62AFC8E4F00382FD3 /* Reusable Views */,
				7542557A2AF5CCA800E9DB17 /* RegistrationView.swift */,
				751F04D92AFC9E7700382FD3 /* BaseView.swift */,
				7542557E2AF5CCB900E9DB17 /* StartupView.swift */,
				7542557C2AF5CCB000E9DB17 /* LoginView.swift */,
				754255802AF5CCC700E9DB17 /* HomeView.swift */,
				75A8B70C2AFAA33B001D6E74 /* CompDetailView.swift */,
				75A8B70E2AFAA342001D6E74 /* CompView.swift */,
				75A8B7102AFAA34A001D6E74 /* FeedView.swift */,
				75AD00982AFB0551004F28D2 /* PostView.swift */,
				75A8B7122AFAA352001D6E74 /* LeaderboardView.swift */,
				7FD51DEA2AFC436B006F1BA3 /* ProfileView.swift */,
				73432F992AFFDAB6000FF355 /* FriendsView.swift */,
				73432F9B2AFFDAE9000FF355 /* FriendSearchView.swift */,
			);
			path = Views;
			sourceTree = "<group>";
		};
		75AD00A42AFC05C5004F28D2 /* View Models */ = {
			isa = PBXGroup;
			children = (
				75AD00A22AFC0582004F28D2 /* FriendVM.swift */,
				75AD00A02AFC0571004F28D2 /* NotificationVM.swift */,
				75AD009C2AFBE93E004F28D2 /* LeaderboardVM.swift */,
				75AD009E2AFC0557004F28D2 /* GroupVM.swift */,
				754255832AF5CCF900E9DB17 /* UserVM.swift */,
			);
			path = "View Models";
			sourceTree = "<group>";
		};
/* End PBXGroup section */

/* Begin PBXNativeTarget section */
		754255682AF5CC9600E9DB17 /* HealthComp */ = {
			isa = PBXNativeTarget;
			buildConfigurationList = 754255772AF5CC9700E9DB17 /* Build configuration list for PBXNativeTarget "HealthComp" */;
			buildPhases = (
				754255652AF5CC9600E9DB17 /* Sources */,
				754255662AF5CC9600E9DB17 /* Frameworks */,
				754255672AF5CC9600E9DB17 /* Resources */,
			);
			buildRules = (
			);
			dependencies = (
			);
			name = HealthComp;
			productName = HealthComp;
			productReference = 754255692AF5CC9600E9DB17 /* HealthComp.app */;
			productType = "com.apple.product-type.application";
		};
/* End PBXNativeTarget section */

/* Begin PBXProject section */
		754255612AF5CC9600E9DB17 /* Project object */ = {
			isa = PBXProject;
			attributes = {
				BuildIndependentTargetsInParallel = 1;
				LastSwiftUpdateCheck = 1500;
				LastUpgradeCheck = 1500;
				TargetAttributes = {
					754255682AF5CC9600E9DB17 = {
						CreatedOnToolsVersion = 15.0;
					};
				};
			};
			buildConfigurationList = 754255642AF5CC9600E9DB17 /* Build configuration list for PBXProject "HealthComp" */;
			compatibilityVersion = "Xcode 14.0";
			developmentRegion = en;
			hasScannedForEncodings = 0;
			knownRegions = (
				en,
				Base,
			);
			mainGroup = 754255602AF5CC9600E9DB17;
			productRefGroup = 7542556A2AF5CC9600E9DB17 /* Products */;
			projectDirPath = "";
			projectRoot = "";
			targets = (
				754255682AF5CC9600E9DB17 /* HealthComp */,
			);
		};
/* End PBXProject section */

/* Begin PBXResourcesBuildPhase section */
		754255672AF5CC9600E9DB17 /* Resources */ = {
			isa = PBXResourcesBuildPhase;
			buildActionMask = 2147483647;
			files = (
				754255742AF5CC9700E9DB17 /* Preview Assets.xcassets in Resources */,
				754255712AF5CC9700E9DB17 /* Assets.xcassets in Resources */,
			);
			runOnlyForDeploymentPostprocessing = 0;
		};
/* End PBXResourcesBuildPhase section */

/* Begin PBXSourcesBuildPhase section */
		754255652AF5CC9600E9DB17 /* Sources */ = {
			isa = PBXSourcesBuildPhase;
			buildActionMask = 2147483647;
			files = (
				75A8B7112AFAA34A001D6E74 /* FeedView.swift in Sources */,
				7FD51DEB2AFC436B006F1BA3 /* ProfileView.swift in Sources */,
				7542557B2AF5CCA800E9DB17 /* RegistrationView.swift in Sources */,
				75AD00A12AFC0571004F28D2 /* NotificationVM.swift in Sources */,
				751F04D82AFC8E5E00382FD3 /* Buttons.swift in Sources */,
				754255842AF5CCF900E9DB17 /* UserVM.swift in Sources */,
				751F04D32AFC0E2900382FD3 /* Enums.swift in Sources */,
				7542556F2AF5CC9600E9DB17 /* ContentView.swift in Sources */,
				7542557D2AF5CCB000E9DB17 /* LoginView.swift in Sources */,
				75A8B70D2AFAA33B001D6E74 /* CompDetailView.swift in Sources */,
				75A8B70F2AFAA342001D6E74 /* CompView.swift in Sources */,
				75A8B7132AFAA352001D6E74 /* LeaderboardView.swift in Sources */,
				73432F9A2AFFDAB6000FF355 /* FriendsView.swift in Sources */,
				75AD009F2AFC0557004F28D2 /* GroupVM.swift in Sources */,
				75AD00A32AFC0582004F28D2 /* FriendVM.swift in Sources */,
				754255812AF5CCC700E9DB17 /* HomeView.swift in Sources */,
				7542557F2AF5CCB900E9DB17 /* StartupView.swift in Sources */,
				757CCFCF2AFAE32F00CBE7E5 /* Logo.swift in Sources */,
				75AD009D2AFBE93E004F28D2 /* LeaderboardVM.swift in Sources */,
				73432F9C2AFFDAE9000FF355 /* FriendSearchView.swift in Sources */,
				754436852AFFD71600880413 /* SampleData.swift in Sources */,
				75AD00972AFAE747004F28D2 /* Feed.swift in Sources */,
				75AD00992AFB0551004F28D2 /* PostView.swift in Sources */,
				751F04DA2AFC9E7700382FD3 /* BaseView.swift in Sources */,
				7542556D2AF5CC9600E9DB17 /* HealthCompApp.swift in Sources */,
				75AD00A82AFC0CE1004F28D2 /* Group.swift in Sources */,
				75AD00A62AFC0746004F28D2 /* User.swift in Sources */,
			);
			runOnlyForDeploymentPostprocessing = 0;
		};
/* End PBXSourcesBuildPhase section */

/* Begin XCBuildConfiguration section */
		754255752AF5CC9700E9DB17 /* Debug */ = {
			isa = XCBuildConfiguration;
			buildSettings = {
				ALWAYS_SEARCH_USER_PATHS = NO;
				ASSETCATALOG_COMPILER_GENERATE_SWIFT_ASSET_SYMBOL_EXTENSIONS = YES;
				CLANG_ANALYZER_NONNULL = YES;
				CLANG_ANALYZER_NUMBER_OBJECT_CONVERSION = YES_AGGRESSIVE;
				CLANG_CXX_LANGUAGE_STANDARD = "gnu++20";
				CLANG_ENABLE_MODULES = YES;
				CLANG_ENABLE_OBJC_ARC = YES;
				CLANG_ENABLE_OBJC_WEAK = YES;
				CLANG_WARN_BLOCK_CAPTURE_AUTORELEASING = YES;
				CLANG_WARN_BOOL_CONVERSION = YES;
				CLANG_WARN_COMMA = YES;
				CLANG_WARN_CONSTANT_CONVERSION = YES;
				CLANG_WARN_DEPRECATED_OBJC_IMPLEMENTATIONS = YES;
				CLANG_WARN_DIRECT_OBJC_ISA_USAGE = YES_ERROR;
				CLANG_WARN_DOCUMENTATION_COMMENTS = YES;
				CLANG_WARN_EMPTY_BODY = YES;
				CLANG_WARN_ENUM_CONVERSION = YES;
				CLANG_WARN_INFINITE_RECURSION = YES;
				CLANG_WARN_INT_CONVERSION = YES;
				CLANG_WARN_NON_LITERAL_NULL_CONVERSION = YES;
				CLANG_WARN_OBJC_IMPLICIT_RETAIN_SELF = YES;
				CLANG_WARN_OBJC_LITERAL_CONVERSION = YES;
				CLANG_WARN_OBJC_ROOT_CLASS = YES_ERROR;
				CLANG_WARN_QUOTED_INCLUDE_IN_FRAMEWORK_HEADER = YES;
				CLANG_WARN_RANGE_LOOP_ANALYSIS = YES;
				CLANG_WARN_STRICT_PROTOTYPES = YES;
				CLANG_WARN_SUSPICIOUS_MOVE = YES;
				CLANG_WARN_UNGUARDED_AVAILABILITY = YES_AGGRESSIVE;
				CLANG_WARN_UNREACHABLE_CODE = YES;
				CLANG_WARN__DUPLICATE_METHOD_MATCH = YES;
				COPY_PHASE_STRIP = NO;
				DEBUG_INFORMATION_FORMAT = dwarf;
				ENABLE_STRICT_OBJC_MSGSEND = YES;
				ENABLE_TESTABILITY = YES;
				ENABLE_USER_SCRIPT_SANDBOXING = YES;
				GCC_C_LANGUAGE_STANDARD = gnu17;
				GCC_DYNAMIC_NO_PIC = NO;
				GCC_NO_COMMON_BLOCKS = YES;
				GCC_OPTIMIZATION_LEVEL = 0;
				GCC_PREPROCESSOR_DEFINITIONS = (
					"DEBUG=1",
					"$(inherited)",
				);
				GCC_WARN_64_TO_32_BIT_CONVERSION = YES;
				GCC_WARN_ABOUT_RETURN_TYPE = YES_ERROR;
				GCC_WARN_UNDECLARED_SELECTOR = YES;
				GCC_WARN_UNINITIALIZED_AUTOS = YES_AGGRESSIVE;
				GCC_WARN_UNUSED_FUNCTION = YES;
				GCC_WARN_UNUSED_VARIABLE = YES;
				IPHONEOS_DEPLOYMENT_TARGET = 17.0;
				LOCALIZATION_PREFERS_STRING_CATALOGS = YES;
				MTL_ENABLE_DEBUG_INFO = INCLUDE_SOURCE;
				MTL_FAST_MATH = YES;
				ONLY_ACTIVE_ARCH = YES;
				SDKROOT = iphoneos;
				SWIFT_ACTIVE_COMPILATION_CONDITIONS = "DEBUG $(inherited)";
				SWIFT_OPTIMIZATION_LEVEL = "-Onone";
			};
			name = Debug;
		};
		754255762AF5CC9700E9DB17 /* Release */ = {
			isa = XCBuildConfiguration;
			buildSettings = {
				ALWAYS_SEARCH_USER_PATHS = NO;
				ASSETCATALOG_COMPILER_GENERATE_SWIFT_ASSET_SYMBOL_EXTENSIONS = YES;
				CLANG_ANALYZER_NONNULL = YES;
				CLANG_ANALYZER_NUMBER_OBJECT_CONVERSION = YES_AGGRESSIVE;
				CLANG_CXX_LANGUAGE_STANDARD = "gnu++20";
				CLANG_ENABLE_MODULES = YES;
				CLANG_ENABLE_OBJC_ARC = YES;
				CLANG_ENABLE_OBJC_WEAK = YES;
				CLANG_WARN_BLOCK_CAPTURE_AUTORELEASING = YES;
				CLANG_WARN_BOOL_CONVERSION = YES;
				CLANG_WARN_COMMA = YES;
				CLANG_WARN_CONSTANT_CONVERSION = YES;
				CLANG_WARN_DEPRECATED_OBJC_IMPLEMENTATIONS = YES;
				CLANG_WARN_DIRECT_OBJC_ISA_USAGE = YES_ERROR;
				CLANG_WARN_DOCUMENTATION_COMMENTS = YES;
				CLANG_WARN_EMPTY_BODY = YES;
				CLANG_WARN_ENUM_CONVERSION = YES;
				CLANG_WARN_INFINITE_RECURSION = YES;
				CLANG_WARN_INT_CONVERSION = YES;
				CLANG_WARN_NON_LITERAL_NULL_CONVERSION = YES;
				CLANG_WARN_OBJC_IMPLICIT_RETAIN_SELF = YES;
				CLANG_WARN_OBJC_LITERAL_CONVERSION = YES;
				CLANG_WARN_OBJC_ROOT_CLASS = YES_ERROR;
				CLANG_WARN_QUOTED_INCLUDE_IN_FRAMEWORK_HEADER = YES;
				CLANG_WARN_RANGE_LOOP_ANALYSIS = YES;
				CLANG_WARN_STRICT_PROTOTYPES = YES;
				CLANG_WARN_SUSPICIOUS_MOVE = YES;
				CLANG_WARN_UNGUARDED_AVAILABILITY = YES_AGGRESSIVE;
				CLANG_WARN_UNREACHABLE_CODE = YES;
				CLANG_WARN__DUPLICATE_METHOD_MATCH = YES;
				COPY_PHASE_STRIP = NO;
				DEBUG_INFORMATION_FORMAT = "dwarf-with-dsym";
				ENABLE_NS_ASSERTIONS = NO;
				ENABLE_STRICT_OBJC_MSGSEND = YES;
				ENABLE_USER_SCRIPT_SANDBOXING = YES;
				GCC_C_LANGUAGE_STANDARD = gnu17;
				GCC_NO_COMMON_BLOCKS = YES;
				GCC_WARN_64_TO_32_BIT_CONVERSION = YES;
				GCC_WARN_ABOUT_RETURN_TYPE = YES_ERROR;
				GCC_WARN_UNDECLARED_SELECTOR = YES;
				GCC_WARN_UNINITIALIZED_AUTOS = YES_AGGRESSIVE;
				GCC_WARN_UNUSED_FUNCTION = YES;
				GCC_WARN_UNUSED_VARIABLE = YES;
				IPHONEOS_DEPLOYMENT_TARGET = 17.0;
				LOCALIZATION_PREFERS_STRING_CATALOGS = YES;
				MTL_ENABLE_DEBUG_INFO = NO;
				MTL_FAST_MATH = YES;
				SDKROOT = iphoneos;
				SWIFT_COMPILATION_MODE = wholemodule;
				VALIDATE_PRODUCT = YES;
			};
			name = Release;
		};
		754255782AF5CC9700E9DB17 /* Debug */ = {
			isa = XCBuildConfiguration;
			buildSettings = {
				ASSETCATALOG_COMPILER_APPICON_NAME = AppIcon;
				ASSETCATALOG_COMPILER_GLOBAL_ACCENT_COLOR_NAME = AccentColor;
				CODE_SIGN_STYLE = Automatic;
				CURRENT_PROJECT_VERSION = 1;
				DEVELOPMENT_ASSET_PATHS = "\"HealthComp/Preview Content\"";
				DEVELOPMENT_TEAM = 3FMGY5Z7S6;
				ENABLE_PREVIEWS = YES;
				GENERATE_INFOPLIST_FILE = YES;
				INFOPLIST_KEY_UIApplicationSceneManifest_Generation = YES;
				INFOPLIST_KEY_UIApplicationSupportsIndirectInputEvents = YES;
				INFOPLIST_KEY_UILaunchScreen_Generation = YES;
				INFOPLIST_KEY_UISupportedInterfaceOrientations_iPad = "UIInterfaceOrientationPortrait UIInterfaceOrientationPortraitUpsideDown UIInterfaceOrientationLandscapeLeft UIInterfaceOrientationLandscapeRight";
				INFOPLIST_KEY_UISupportedInterfaceOrientations_iPhone = "UIInterfaceOrientationPortrait UIInterfaceOrientationLandscapeLeft UIInterfaceOrientationLandscapeRight";
				LD_RUNPATH_SEARCH_PATHS = (
					"$(inherited)",
					"@executable_path/Frameworks",
				);
				MARKETING_VERSION = 1.0;
				PRODUCT_BUNDLE_IDENTIFIER = com.HealthComp;
				PRODUCT_NAME = "$(TARGET_NAME)";
				SWIFT_EMIT_LOC_STRINGS = YES;
				SWIFT_VERSION = 5.0;
				TARGETED_DEVICE_FAMILY = "1,2";
			};
			name = Debug;
		};
		754255792AF5CC9700E9DB17 /* Release */ = {
			isa = XCBuildConfiguration;
			buildSettings = {
				ASSETCATALOG_COMPILER_APPICON_NAME = AppIcon;
				ASSETCATALOG_COMPILER_GLOBAL_ACCENT_COLOR_NAME = AccentColor;
				CODE_SIGN_STYLE = Automatic;
				CURRENT_PROJECT_VERSION = 1;
				DEVELOPMENT_ASSET_PATHS = "\"HealthComp/Preview Content\"";
				DEVELOPMENT_TEAM = 3FMGY5Z7S6;
				ENABLE_PREVIEWS = YES;
				GENERATE_INFOPLIST_FILE = YES;
				INFOPLIST_KEY_UIApplicationSceneManifest_Generation = YES;
				INFOPLIST_KEY_UIApplicationSupportsIndirectInputEvents = YES;
				INFOPLIST_KEY_UILaunchScreen_Generation = YES;
				INFOPLIST_KEY_UISupportedInterfaceOrientations_iPad = "UIInterfaceOrientationPortrait UIInterfaceOrientationPortraitUpsideDown UIInterfaceOrientationLandscapeLeft UIInterfaceOrientationLandscapeRight";
				INFOPLIST_KEY_UISupportedInterfaceOrientations_iPhone = "UIInterfaceOrientationPortrait UIInterfaceOrientationLandscapeLeft UIInterfaceOrientationLandscapeRight";
				LD_RUNPATH_SEARCH_PATHS = (
					"$(inherited)",
					"@executable_path/Frameworks",
				);
				MARKETING_VERSION = 1.0;
				PRODUCT_BUNDLE_IDENTIFIER = com.HealthComp;
				PRODUCT_NAME = "$(TARGET_NAME)";
				SWIFT_EMIT_LOC_STRINGS = YES;
				SWIFT_VERSION = 5.0;
				TARGETED_DEVICE_FAMILY = "1,2";
			};
			name = Release;
		};
/* End XCBuildConfiguration section */

/* Begin XCConfigurationList section */
		754255642AF5CC9600E9DB17 /* Build configuration list for PBXProject "HealthComp" */ = {
			isa = XCConfigurationList;
			buildConfigurations = (
				754255752AF5CC9700E9DB17 /* Debug */,
				754255762AF5CC9700E9DB17 /* Release */,
			);
			defaultConfigurationIsVisible = 0;
			defaultConfigurationName = Release;
		};
		754255772AF5CC9700E9DB17 /* Build configuration list for PBXNativeTarget "HealthComp" */ = {
			isa = XCConfigurationList;
			buildConfigurations = (
				754255782AF5CC9700E9DB17 /* Debug */,
				754255792AF5CC9700E9DB17 /* Release */,
			);
			defaultConfigurationIsVisible = 0;
			defaultConfigurationName = Release;
		};
/* End XCConfigurationList section */
	};
	rootObject = 754255612AF5CC9600E9DB17 /* Project object */;
}
